
Microsoft Visual Studio Solution File, Format Version 12.00
# Visual Studio Version 16
VisualStudioVersion = 16.0.29814.53
MinimumVisualStudioVersion = 10.0.40219.1
Project("{FAE04EC0-301F-11D3-BF4B-00C04F79EFBC}") = "real_time_CI", "real_time_CI.csproj", "{38A17B28-F43C-4711-A40B-8B761E800A15}"
EndProject
Global
	GlobalSection(SolutionConfigurationPlatforms) = preSolution
		Debug|Any CPU = Debug|Any CPU
		Release|Any CPU = Release|Any CPU
	EndGlobalSection
	GlobalSection(ProjectConfigurationPlatforms) = postSolution
		{38A17B28-F43C-4711-A40B-8B761E800A15}.Debug|Any CPU.ActiveCfg = Debug|Any CPU
		{38A17B28-F43C-4711-A40B-8B761E800A15}.Debug|Any CPU.Build.0 = Debug|Any CPU
		{38A17B28-F43C-4711-A40B-8B761E800A15}.Release|Any CPU.ActiveCfg = Release|Any CPU
		{38A17B28-F43C-4711-A40B-8B761E800A15}.Release|Any CPU.Build.0 = Release|Any CPU
	EndGlobalSection
	GlobalSection(SolutionProperties) = preSolution
		HideSolutionNode = FALSE
	EndGlobalSection
	GlobalSection(ExtensibilityGlobals) = postSolution
		SolutionGuid = {0D547415-2F1C-4E4D-AF86-D4CFCF1EEAFF}
	EndGlobalSection
EndGlobal
